
Microsoft Visual Studio Solution File, Format Version 12.00
# Visual Studio Version 17
VisualStudioVersion = 17.0.31912.275
MinimumVisualStudioVersion = 10.0.40219.1
Project("{FAE04EC0-301F-11D3-BF4B-00C04F79EFBC}") = "Revit_Utilities", "Revit_Utilities\Revit_Utilities.csproj", "{3273E746-1597-44C5-BA0B-A6C7A851BD34}"
EndProject
Global
	GlobalSection(SolutionConfigurationPlatforms) = preSolution
		Debug|Any CPU = Debug|Any CPU
		Release|Any CPU = Release|Any CPU
	EndGlobalSection
	GlobalSection(ProjectConfigurationPlatforms) = postSolution
		{3273E746-1597-44C5-BA0B-A6C7A851BD34}.Debug|Any CPU.ActiveCfg = Debug|Any CPU
		{3273E746-1597-44C5-BA0B-A6C7A851BD34}.Debug|Any CPU.Build.0 = Debug|Any CPU
		{3273E746-1597-44C5-BA0B-A6C7A851BD34}.Release|Any CPU.ActiveCfg = Release|Any CPU
		{3273E746-1597-44C5-BA0B-A6C7A851BD34}.Release|Any CPU.Build.0 = Release|Any CPU
	EndGlobalSection
	GlobalSection(SolutionProperties) = preSolution
		HideSolutionNode = FALSE
	EndGlobalSection
	GlobalSection(ExtensibilityGlobals) = postSolution
		SolutionGuid = {D0242705-3D71-4669-A8C2-3A42018B0BF8}
	EndGlobalSection
EndGlobal
